
Microsoft Visual Studio Solution File, Format Version 12.00
# Visual Studio 2013
VisualStudioVersion = 12.0.21005.1
MinimumVisualStudioVersion = 10.0.40219.1
Project("{FAE04EC0-301F-11D3-BF4B-00C04F79EFBC}") = "Sciencecom", "Adbase\Sciencecom.csproj", "{30A33189-F599-44B9-88C7-4355A2CF458E}"
EndProject
Project("{FAE04EC0-301F-11D3-BF4B-00C04F79EFBC}") = "Queries.Models", "Queryies.Models\Queries.Models.csproj", "{14A33578-6B59-4B17-B276-2111A999BE7A}"
EndProject
Project("{FAE04EC0-301F-11D3-BF4B-00C04F79EFBC}") = "Enums.Selects", "Enums.Selectors\Enums.Selects.csproj", "{CC22B5C3-2D84-46A8-9545-CF9730E6ACBD}"
EndProject
Global
	GlobalSection(SolutionConfigurationPlatforms) = preSolution
		Debug|Any CPU = Debug|Any CPU
		Release|Any CPU = Release|Any CPU
	EndGlobalSection
	GlobalSection(ProjectConfigurationPlatforms) = postSolution
		{30A33189-F599-44B9-88C7-4355A2CF458E}.Debug|Any CPU.ActiveCfg = Debug|Any CPU
		{30A33189-F599-44B9-88C7-4355A2CF458E}.Debug|Any CPU.Build.0 = Debug|Any CPU
		{30A33189-F599-44B9-88C7-4355A2CF458E}.Release|Any CPU.ActiveCfg = Release|Any CPU
		{30A33189-F599-44B9-88C7-4355A2CF458E}.Release|Any CPU.Build.0 = Release|Any CPU
		{14A33578-6B59-4B17-B276-2111A999BE7A}.Debug|Any CPU.ActiveCfg = Debug|Any CPU
		{14A33578-6B59-4B17-B276-2111A999BE7A}.Debug|Any CPU.Build.0 = Debug|Any CPU
		{14A33578-6B59-4B17-B276-2111A999BE7A}.Release|Any CPU.ActiveCfg = Release|Any CPU
		{14A33578-6B59-4B17-B276-2111A999BE7A}.Release|Any CPU.Build.0 = Release|Any CPU
		{CC22B5C3-2D84-46A8-9545-CF9730E6ACBD}.Debug|Any CPU.ActiveCfg = Debug|Any CPU
		{CC22B5C3-2D84-46A8-9545-CF9730E6ACBD}.Debug|Any CPU.Build.0 = Debug|Any CPU
		{CC22B5C3-2D84-46A8-9545-CF9730E6ACBD}.Release|Any CPU.ActiveCfg = Release|Any CPU
		{CC22B5C3-2D84-46A8-9545-CF9730E6ACBD}.Release|Any CPU.Build.0 = Release|Any CPU
	EndGlobalSection
	GlobalSection(SolutionProperties) = preSolution
		HideSolutionNode = FALSE
	EndGlobalSection
EndGlobal
